
Microsoft Visual Studio Solution File, Format Version 12.00
# Visual Studio Version 17
VisualStudioVersion = 17.0.31903.59
MinimumVisualStudioVersion = 10.0.40219.1
Project("{FAE04EC0-301F-11D3-BF4B-00C04F79EFBC}") = "BE.Web", "BE.Web\BE.Web.csproj", "{EB664958-14F5-42F6-8DDF-34FA4764DE56}"
EndProject
Project("{FAE04EC0-301F-11D3-BF4B-00C04F79EFBC}") = "BE.API", "BE.API\BE.API.csproj", "{8A923864-F35B-43EA-9DCA-675549E30A23}"
EndProject
Project("{FAE04EC0-301F-11D3-BF4B-00C04F79EFBC}") = "BE.Data", "BE.Data\BE.Data.csproj", "{28EFA684-540A-46E3-9B4B-78E046128200}"
EndProject
EndProject
Project("{FAE04EC0-301F-11D3-BF4B-00C04F79EFBC}") = "BE.Services", "BE.Services\BE.Services.csproj", "{C9299C7C-772B-4898-A019-567337DF47EB}"
EndProject
Project("{FAE04EC0-301F-11D3-BF4B-00C04F79EFBC}") = "BE.Tests", "BE.Tests\BE.Tests.csproj", "{F68544B9-C36A-4F59-93DE-D01EC7061682}"
EndProject
Global
	GlobalSection(SolutionConfigurationPlatforms) = preSolution
		Debug|Any CPU = Debug|Any CPU
		Debug|x64 = Debug|x64
		Debug|x86 = Debug|x86
		Release|Any CPU = Release|Any CPU
		Release|x64 = Release|x64
		Release|x86 = Release|x86
	EndGlobalSection
	GlobalSection(ProjectConfigurationPlatforms) = postSolution
		{EB664958-14F5-42F6-8DDF-34FA4764DE56}.Debug|Any CPU.ActiveCfg = Debug|Any CPU
		{EB664958-14F5-42F6-8DDF-34FA4764DE56}.Debug|Any CPU.Build.0 = Debug|Any CPU
		{EB664958-14F5-42F6-8DDF-34FA4764DE56}.Debug|x64.ActiveCfg = Debug|Any CPU
		{EB664958-14F5-42F6-8DDF-34FA4764DE56}.Debug|x64.Build.0 = Debug|Any CPU
		{EB664958-14F5-42F6-8DDF-34FA4764DE56}.Debug|x86.ActiveCfg = Debug|Any CPU
		{EB664958-14F5-42F6-8DDF-34FA4764DE56}.Debug|x86.Build.0 = Debug|Any CPU
		{EB664958-14F5-42F6-8DDF-34FA4764DE56}.Release|Any CPU.ActiveCfg = Release|Any CPU
		{EB664958-14F5-42F6-8DDF-34FA4764DE56}.Release|Any CPU.Build.0 = Release|Any CPU
		{EB664958-14F5-42F6-8DDF-34FA4764DE56}.Release|x64.ActiveCfg = Release|Any CPU
		{EB664958-14F5-42F6-8DDF-34FA4764DE56}.Release|x64.Build.0 = Release|Any CPU
		{EB664958-14F5-42F6-8DDF-34FA4764DE56}.Release|x86.ActiveCfg = Release|Any CPU
		{EB664958-14F5-42F6-8DDF-34FA4764DE56}.Release|x86.Build.0 = Release|Any CPU
		{8A923864-F35B-43EA-9DCA-675549E30A23}.Debug|Any CPU.ActiveCfg = Debug|Any CPU
		{8A923864-F35B-43EA-9DCA-675549E30A23}.Debug|Any CPU.Build.0 = Debug|Any CPU
		{8A923864-F35B-43EA-9DCA-675549E30A23}.Debug|x64.ActiveCfg = Debug|Any CPU
		{8A923864-F35B-43EA-9DCA-675549E30A23}.Debug|x64.Build.0 = Debug|Any CPU
		{8A923864-F35B-43EA-9DCA-675549E30A23}.Debug|x86.ActiveCfg = Debug|Any CPU
		{8A923864-F35B-43EA-9DCA-675549E30A23}.Debug|x86.Build.0 = Debug|Any CPU
		{8A923864-F35B-43EA-9DCA-675549E30A23}.Release|Any CPU.ActiveCfg = Release|Any CPU
		{8A923864-F35B-43EA-9DCA-675549E30A23}.Release|Any CPU.Build.0 = Release|Any CPU
		{8A923864-F35B-43EA-9DCA-675549E30A23}.Release|x64.ActiveCfg = Release|Any CPU
		{8A923864-F35B-43EA-9DCA-675549E30A23}.Release|x64.Build.0 = Release|Any CPU
		{8A923864-F35B-43EA-9DCA-675549E30A23}.Release|x86.ActiveCfg = Release|Any CPU
		{8A923864-F35B-43EA-9DCA-675549E30A23}.Release|x86.Build.0 = Release|Any CPU
		{28EFA684-540A-46E3-9B4B-78E046128200}.Debug|Any CPU.ActiveCfg = Debug|Any CPU
		{28EFA684-540A-46E3-9B4B-78E046128200}.Debug|Any CPU.Build.0 = Debug|Any CPU
		{28EFA684-540A-46E3-9B4B-78E046128200}.Debug|x64.ActiveCfg = Debug|Any CPU
		{28EFA684-540A-46E3-9B4B-78E046128200}.Debug|x64.Build.0 = Debug|Any CPU
		{28EFA684-540A-46E3-9B4B-78E046128200}.Debug|x86.ActiveCfg = Debug|Any CPU
		{28EFA684-540A-46E3-9B4B-78E046128200}.Debug|x86.Build.0 = Debug|Any CPU
		{28EFA684-540A-46E3-9B4B-78E046128200}.Release|Any CPU.ActiveCfg = Release|Any CPU
		{28EFA684-540A-46E3-9B4B-78E046128200}.Release|Any CPU.Build.0 = Release|Any CPU
		{28EFA684-540A-46E3-9B4B-78E046128200}.Release|x64.ActiveCfg = Release|Any CPU
		{28EFA684-540A-46E3-9B4B-78E046128200}.Release|x64.Build.0 = Release|Any CPU
		{28EFA684-540A-46E3-9B4B-78E046128200}.Release|x86.ActiveCfg = Release|Any CPU
		{28EFA684-540A-46E3-9B4B-78E046128200}.Release|x86.Build.0 = Release|Any CPU
		{6F2CB5FB-4EB3-4FD5-9095-4B6117AAF742}.Debug|Any CPU.ActiveCfg = Debug|Any CPU
		{6F2CB5FB-4EB3-4FD5-9095-4B6117AAF742}.Debug|Any CPU.Build.0 = Debug|Any CPU
		{6F2CB5FB-4EB3-4FD5-9095-4B6117AAF742}.Debug|x64.ActiveCfg = Debug|Any CPU
		{6F2CB5FB-4EB3-4FD5-9095-4B6117AAF742}.Debug|x64.Build.0 = Debug|Any CPU
		{6F2CB5FB-4EB3-4FD5-9095-4B6117AAF742}.Debug|x86.ActiveCfg = Debug|Any CPU
		{6F2CB5FB-4EB3-4FD5-9095-4B6117AAF742}.Debug|x86.Build.0 = Debug|Any CPU
		{6F2CB5FB-4EB3-4FD5-9095-4B6117AAF742}.Release|Any CPU.ActiveCfg = Release|Any CPU
		{6F2CB5FB-4EB3-4FD5-9095-4B6117AAF742}.Release|Any CPU.Build.0 = Release|Any CPU
		{6F2CB5FB-4EB3-4FD5-9095-4B6117AAF742}.Release|x64.ActiveCfg = Release|Any CPU
		{6F2CB5FB-4EB3-4FD5-9095-4B6117AAF742}.Release|x64.Build.0 = Release|Any CPU
		{6F2CB5FB-4EB3-4FD5-9095-4B6117AAF742}.Release|x86.ActiveCfg = Release|Any CPU
		{6F2CB5FB-4EB3-4FD5-9095-4B6117AAF742}.Release|x86.Build.0 = Release|Any CPU
		{C9299C7C-772B-4898-A019-567337DF47EB}.Debug|Any CPU.ActiveCfg = Debug|Any CPU
		{C9299C7C-772B-4898-A019-567337DF47EB}.Debug|Any CPU.Build.0 = Debug|Any CPU
		{C9299C7C-772B-4898-A019-567337DF47EB}.Debug|x64.ActiveCfg = Debug|Any CPU
		{C9299C7C-772B-4898-A019-567337DF47EB}.Debug|x64.Build.0 = Debug|Any CPU
		{C9299C7C-772B-4898-A019-567337DF47EB}.Debug|x86.ActiveCfg = Debug|Any CPU
		{C9299C7C-772B-4898-A019-567337DF47EB}.Debug|x86.Build.0 = Debug|Any CPU
		{C9299C7C-772B-4898-A019-567337DF47EB}.Release|Any CPU.ActiveCfg = Release|Any CPU
		{C9299C7C-772B-4898-A019-567337DF47EB}.Release|Any CPU.Build.0 = Release|Any CPU
		{C9299C7C-772B-4898-A019-567337DF47EB}.Release|x64.ActiveCfg = Release|Any CPU
		{C9299C7C-772B-4898-A019-567337DF47EB}.Release|x64.Build.0 = Release|Any CPU
		{C9299C7C-772B-4898-A019-567337DF47EB}.Release|x86.ActiveCfg = Release|Any CPU
		{C9299C7C-772B-4898-A019-567337DF47EB}.Release|x86.Build.0 = Release|Any CPU
		{F68544B9-C36A-4F59-93DE-D01EC7061682}.Debug|Any CPU.ActiveCfg = Debug|Any CPU
		{F68544B9-C36A-4F59-93DE-D01EC7061682}.Debug|Any CPU.Build.0 = Debug|Any CPU
		{F68544B9-C36A-4F59-93DE-D01EC7061682}.Debug|x64.ActiveCfg = Debug|Any CPU
		{F68544B9-C36A-4F59-93DE-D01EC7061682}.Debug|x64.Build.0 = Debug|Any CPU
		{F68544B9-C36A-4F59-93DE-D01EC7061682}.Debug|x86.ActiveCfg = Debug|Any CPU
		{F68544B9-C36A-4F59-93DE-D01EC7061682}.Debug|x86.Build.0 = Debug|Any CPU
		{F68544B9-C36A-4F59-93DE-D01EC7061682}.Release|Any CPU.ActiveCfg = Release|Any CPU
		{F68544B9-C36A-4F59-93DE-D01EC7061682}.Release|Any CPU.Build.0 = Release|Any CPU
		{F68544B9-C36A-4F59-93DE-D01EC7061682}.Release|x64.ActiveCfg = Release|Any CPU
		{F68544B9-C36A-4F59-93DE-D01EC7061682}.Release|x64.Build.0 = Release|Any CPU
		{F68544B9-C36A-4F59-93DE-D01EC7061682}.Release|x86.ActiveCfg = Release|Any CPU
		{F68544B9-C36A-4F59-93DE-D01EC7061682}.Release|x86.Build.0 = Release|Any CPU
	EndGlobalSection
	GlobalSection(SolutionProperties) = preSolution
		HideSolutionNode = FALSE
	EndGlobalSection
EndGlobal
